# This file is automatically @generated by Wally.
# It is not intended for manual editing.
registry = "test"

[[package]]
name = "sinlerdev/atticus"
version = "0.1.0"
dependencies = [["RaycastHitbox", "sinlerdev/raycasthitboxrbxl@4.0.1"]]

[[package]]
name = "sinlerdev/raycasthitboxrbxl"
version = "4.0.1"
dependencies = []
